// !$*UTF8*$!
{
	archiveVersion = 1;
	classes = {
	};
	objectVersion = 56;
	objects = {

/* Begin PBXBuildFile section */
		BD8A4C6F2A7A4E12005B473C /* NewsPagepracticeApp.swift in Sources */ = {isa = PBXBuildFile; fileRef = BD8A4C6E2A7A4E12005B473C /* NewsPagepracticeApp.swift */; };
		BD8A4C712A7A4E12005B473C /* ContentView.swift in Sources */ = {isa = PBXBuildFile; fileRef = BD8A4C702A7A4E12005B473C /* ContentView.swift */; };
		BD8A4C732A7A4E12005B473C /* Assets.xcassets in Resources */ = {isa = PBXBuildFile; fileRef = BD8A4C722A7A4E12005B473C /* Assets.xcassets */; };
		BD8A4C762A7A4E12005B473C /* Preview Assets.xcassets in Resources */ = {isa = PBXBuildFile; fileRef = BD8A4C752A7A4E12005B473C /* Preview Assets.xcassets */; };
		BD8A4C802A7A4E13005B473C /* NewsPagepracticeTests.swift in Sources */ = {isa = PBXBuildFile; fileRef = BD8A4C7F2A7A4E13005B473C /* NewsPagepracticeTests.swift */; };
		BD8A4C8A2A7A4E13005B473C /* NewsPagepracticeUITests.swift in Sources */ = {isa = PBXBuildFile; fileRef = BD8A4C892A7A4E13005B473C /* NewsPagepracticeUITests.swift */; };
		BD8A4C8C2A7A4E13005B473C /* NewsPagepracticeUITestsLaunchTests.swift in Sources */ = {isa = PBXBuildFile; fileRef = BD8A4C8B2A7A4E13005B473C /* NewsPagepracticeUITestsLaunchTests.swift */; };
/* End PBXBuildFile section */

/* Begin PBXContainerItemProxy section */
		BD8A4C7C2A7A4E13005B473C /* PBXContainerItemProxy */ = {
			isa = PBXContainerItemProxy;
			containerPortal = BD8A4C632A7A4E12005B473C /* Project object */;
			proxyType = 1;
			remoteGlobalIDString = BD8A4C6A2A7A4E12005B473C;
			remoteInfo = NewsPagepractice;
		};
		BD8A4C862A7A4E13005B473C /* PBXContainerItemProxy */ = {
			isa = PBXContainerItemProxy;
			containerPortal = BD8A4C632A7A4E12005B473C /* Project object */;
			proxyType = 1;
			remoteGlobalIDString = BD8A4C6A2A7A4E12005B473C;
			remoteInfo = NewsPagepractice;
		};
/* End PBXContainerItemProxy section */

/* Begin PBXFileReference section */
		BD8A4C6B2A7A4E12005B473C /* NewsPagepractice.app */ = {isa = PBXFileReference; explicitFileType = wrapper.application; includeInIndex = 0; path = NewsPagepractice.app; sourceTree = BUILT_PRODUCTS_DIR; };
		BD8A4C6E2A7A4E12005B473C /* NewsPagepracticeApp.swift */ = {isa = PBXFileReference; lastKnownFileType = sourcecode.swift; path = NewsPagepracticeApp.swift; sourceTree = "<group>"; };
		BD8A4C702A7A4E12005B473C /* ContentView.swift */ = {isa = PBXFileReference; lastKnownFileType = sourcecode.swift; path = ContentView.swift; sourceTree = "<group>"; };
		BD8A4C722A7A4E12005B473C /* Assets.xcassets */ = {isa = PBXFileReference; lastKnownFileType = folder.assetcatalog; path = Assets.xcassets; sourceTree = "<group>"; };
		BD8A4C752A7A4E12005B473C /* Preview Assets.xcassets */ = {isa = PBXFileReference; lastKnownFileType = folder.assetcatalog; path = "Preview Assets.xcassets"; sourceTree = "<group>"; };
		BD8A4C7B2A7A4E13005B473C /* NewsPagepracticeTests.xctest */ = {isa = PBXFileReference; explicitFileType = wrapper.cfbundle; includeInIndex = 0; path = NewsPagepracticeTests.xctest; sourceTree = BUILT_PRODUCTS_DIR; };
		BD8A4C7F2A7A4E13005B473C /* NewsPagepracticeTests.swift */ = {isa = PBXFileReference; lastKnownFileType = sourcecode.swift; path = NewsPagepracticeTests.swift; sourceTree = "<group>"; };
		BD8A4C852A7A4E13005B473C /* NewsPagepracticeUITests.xctest */ = {isa = PBXFileReference; explicitFileType = wrapper.cfbundle; includeInIndex = 0; path = NewsPagepracticeUITests.xctest; sourceTree = BUILT_PRODUCTS_DIR; };
		BD8A4C892A7A4E13005B473C /* NewsPagepracticeUITests.swift */ = {isa = PBXFileReference; lastKnownFileType = sourcecode.swift; path = NewsPagepracticeUITests.swift; sourceTree = "<group>"; };
		BD8A4C8B2A7A4E13005B473C /* NewsPagepracticeUITestsLaunchTests.swift */ = {isa = PBXFileReference; lastKnownFileType = sourcecode.swift; path = NewsPagepracticeUITestsLaunchTests.swift; sourceTree = "<group>"; };
/* End PBXFileReference section */

/* Begin PBXFrameworksBuildPhase section */
		BD8A4C682A7A4E12005B473C /* Frameworks */ = {
			isa = PBXFrameworksBuildPhase;
			buildActionMask = 2147483647;
			files = (
			);
			runOnlyForDeploymentPostprocessing = 0;
		};
		BD8A4C782A7A4E13005B473C /* Frameworks */ = {
			isa = PBXFrameworksBuildPhase;
			buildActionMask = 2147483647;
			files = (
			);
			runOnlyForDeploymentPostprocessing = 0;
		};
		BD8A4C822A7A4E13005B473C /* Frameworks */ = {
			isa = PBXFrameworksBuildPhase;
			buildActionMask = 2147483647;
			files = (
			);
			runOnlyForDeploymentPostprocessing = 0;
		};
/* End PBXFrameworksBuildPhase section */

/* Begin PBXGroup section */
		BD8A4C622A7A4E12005B473C = {
			isa = PBXGroup;
			children = (
				BD8A4C6D2A7A4E12005B473C /* NewsPagepractice */,
				BD8A4C7E2A7A4E13005B473C /* NewsPagepracticeTests */,
				BD8A4C882A7A4E13005B473C /* NewsPagepracticeUITests */,
				BD8A4C6C2A7A4E12005B473C /* Products */,
			);
			sourceTree = "<group>";
		};
		BD8A4C6C2A7A4E12005B473C /* Products */ = {
			isa = PBXGroup;
			children = (
				BD8A4C6B2A7A4E12005B473C /* NewsPagepractice.app */,
				BD8A4C7B2A7A4E13005B473C /* NewsPagepracticeTests.xctest */,
				BD8A4C852A7A4E13005B473C /* NewsPagepracticeUITests.xctest */,
			);
			name = Products;
			sourceTree = "<group>";
		};
		BD8A4C6D2A7A4E12005B473C /* NewsPagepractice */ = {
			isa = PBXGroup;
			children = (
				BD8A4C6E2A7A4E12005B473C /* NewsPagepracticeApp.swift */,
				BD8A4C702A7A4E12005B473C /* ContentView.swift */,
				BD8A4C722A7A4E12005B473C /* Assets.xcassets */,
				BD8A4C742A7A4E12005B473C /* Preview Content */,
			);
			path = NewsPagepractice;
			sourceTree = "<group>";
		};
		BD8A4C742A7A4E12005B473C /* Preview Content */ = {
			isa = PBXGroup;
			children = (
				BD8A4C752A7A4E12005B473C /* Preview Assets.xcassets */,
			);
			path = "Preview Content";
			sourceTree = "<group>";
		};
		BD8A4C7E2A7A4E13005B473C /* NewsPagepracticeTests */ = {
			isa = PBXGroup;
			children = (
				BD8A4C7F2A7A4E13005B473C /* NewsPagepracticeTests.swift */,
			);
			path = NewsPagepracticeTests;
			sourceTree = "<group>";
		};
		BD8A4C882A7A4E13005B473C /* NewsPagepracticeUITests */ = {
			isa = PBXGroup;
			children = (
				BD8A4C892A7A4E13005B473C /* NewsPagepracticeUITests.swift */,
				BD8A4C8B2A7A4E13005B473C /* NewsPagepracticeUITestsLaunchTests.swift */,
			);
			path = NewsPagepracticeUITests;
			sourceTree = "<group>";
		};
/* End PBXGroup section */

/* Begin PBXNativeTarget section */
		BD8A4C6A2A7A4E12005B473C /* NewsPagepractice */ = {
			isa = PBXNativeTarget;
			buildConfigurationList = BD8A4C8F2A7A4E13005B473C /* Build configuration list for PBXNativeTarget "NewsPagepractice" */;
			buildPhases = (
				BD8A4C672A7A4E12005B473C /* Sources */,
				BD8A4C682A7A4E12005B473C /* Frameworks */,
				BD8A4C692A7A4E12005B473C /* Resources */,
			);
			buildRules = (
			);
			dependencies = (
			);
			name = NewsPagepractice;
			productName = NewsPagepractice;
			productReference = BD8A4C6B2A7A4E12005B473C /* NewsPagepractice.app */;
			productType = "com.apple.product-type.application";
		};
		BD8A4C7A2A7A4E13005B473C /* NewsPagepracticeTests */ = {
			isa = PBXNativeTarget;
			buildConfigurationList = BD8A4C922A7A4E13005B473C /* Build configuration list for PBXNativeTarget "NewsPagepracticeTests" */;
			buildPhases = (
				BD8A4C772A7A4E13005B473C /* Sources */,
				BD8A4C782A7A4E13005B473C /* Frameworks */,
				BD8A4C792A7A4E13005B473C /* Resources */,
			);
			buildRules = (
			);
			dependencies = (
				BD8A4C7D2A7A4E13005B473C /* PBXTargetDependency */,
			);
			name = NewsPagepracticeTests;
			productName = NewsPagepracticeTests;
			productReference = BD8A4C7B2A7A4E13005B473C /* NewsPagepracticeTests.xctest */;
			productType = "com.apple.product-type.bundle.unit-test";
		};
		BD8A4C842A7A4E13005B473C /* NewsPagepracticeUITests */ = {
			isa = PBXNativeTarget;
			buildConfigurationList = BD8A4C952A7A4E13005B473C /* Build configuration list for PBXNativeTarget "NewsPagepracticeUITests" */;
			buildPhases = (
				BD8A4C812A7A4E13005B473C /* Sources */,
				BD8A4C822A7A4E13005B473C /* Frameworks */,
				BD8A4C832A7A4E13005B473C /* Resources */,
			);
			buildRules = (
			);
			dependencies = (
				BD8A4C872A7A4E13005B473C /* PBXTargetDependency */,
			);
			name = NewsPagepracticeUITests;
			productName = NewsPagepracticeUITests;
			productReference = BD8A4C852A7A4E13005B473C /* NewsPagepracticeUITests.xctest */;
			productType = "com.apple.product-type.bundle.ui-testing";
		};
/* End PBXNativeTarget section */

/* Begin PBXProject section */
		BD8A4C632A7A4E12005B473C /* Project object */ = {
			isa = PBXProject;
			attributes = {
				BuildIndependentTargetsInParallel = 1;
				LastSwiftUpdateCheck = 1430;
				LastUpgradeCheck = 1430;
				TargetAttributes = {
					BD8A4C6A2A7A4E12005B473C = {
						CreatedOnToolsVersion = 14.3.1;
					};
					BD8A4C7A2A7A4E13005B473C = {
						CreatedOnToolsVersion = 14.3.1;
						TestTargetID = BD8A4C6A2A7A4E12005B473C;
					};
					BD8A4C842A7A4E13005B473C = {
						CreatedOnToolsVersion = 14.3.1;
						TestTargetID = BD8A4C6A2A7A4E12005B473C;
					};
				};
			};
			buildConfigurationList = BD8A4C662A7A4E12005B473C /* Build configuration list for PBXProject "NewsPagepractice" */;
			compatibilityVersion = "Xcode 14.0";
			developmentRegion = en;
			hasScannedForEncodings = 0;
			knownRegions = (
				en,
				Base,
			);
			mainGroup = BD8A4C622A7A4E12005B473C;
			productRefGroup = BD8A4C6C2A7A4E12005B473C /* Products */;
			projectDirPath = "";
			projectRoot = "";
			targets = (
				BD8A4C6A2A7A4E12005B473C /* NewsPagepractice */,
				BD8A4C7A2A7A4E13005B473C /* NewsPagepracticeTests */,
				BD8A4C842A7A4E13005B473C /* NewsPagepracticeUITests */,
			);
		};
/* End PBXProject section */

/* Begin PBXResourcesBuildPhase section */
		BD8A4C692A7A4E12005B473C /* Resources */ = {
			isa = PBXResourcesBuildPhase;
			buildActionMask = 2147483647;
			files = (
				BD8A4C762A7A4E12005B473C /* Preview Assets.xcassets in Resources */,
				BD8A4C732A7A4E12005B473C /* Assets.xcassets in Resources */,
			);
			runOnlyForDeploymentPostprocessing = 0;
		};
		BD8A4C792A7A4E13005B473C /* Resources */ = {
			isa = PBXResourcesBuildPhase;
			buildActionMask = 2147483647;
			files = (
			);
			runOnlyForDeploymentPostprocessing = 0;
		};
		BD8A4C832A7A4E13005B473C /* Resources */ = {
			isa = PBXResourcesBuildPhase;
			buildActionMask = 2147483647;
			files = (
			);
			runOnlyForDeploymentPostprocessing = 0;
		};
/* End PBXResourcesBuildPhase section */

/* Begin PBXSourcesBuildPhase section */
		BD8A4C672A7A4E12005B473C /* Sources */ = {
			isa = PBXSourcesBuildPhase;
			buildActionMask = 2147483647;
			files = (
				BD8A4C712A7A4E12005B473C /* ContentView.swift in Sources */,
				BD8A4C6F2A7A4E12005B473C /* NewsPagepracticeApp.swift in Sources */,
			);
			runOnlyForDeploymentPostprocessing = 0;
		};
		BD8A4C772A7A4E13005B473C /* Sources */ = {
			isa = PBXSourcesBuildPhase;
			buildActionMask = 2147483647;
			files = (
				BD8A4C802A7A4E13005B473C /* NewsPagepracticeTests.swift in Sources */,
			);
			runOnlyForDeploymentPostprocessing = 0;
		};
		BD8A4C812A7A4E13005B473C /* Sources */ = {
			isa = PBXSourcesBuildPhase;
			buildActionMask = 2147483647;
			files = (
				BD8A4C8A2A7A4E13005B473C /* NewsPagepracticeUITests.swift in Sources */,
				BD8A4C8C2A7A4E13005B473C /* NewsPagepracticeUITestsLaunchTests.swift in Sources */,
			);
			runOnlyForDeploymentPostprocessing = 0;
		};
/* End PBXSourcesBuildPhase section */

/* Begin PBXTargetDependency section */
		BD8A4C7D2A7A4E13005B473C /* PBXTargetDependency */ = {
			isa = PBXTargetDependency;
			target = BD8A4C6A2A7A4E12005B473C /* NewsPagepractice */;
			targetProxy = BD8A4C7C2A7A4E13005B473C /* PBXContainerItemProxy */;
		};
		BD8A4C872A7A4E13005B473C /* PBXTargetDependency */ = {
			isa = PBXTargetDependency;
			target = BD8A4C6A2A7A4E12005B473C /* NewsPagepractice */;
			targetProxy = BD8A4C862A7A4E13005B473C /* PBXContainerItemProxy */;
		};
/* End PBXTargetDependency section */

/* Begin XCBuildConfiguration section */
		BD8A4C8D2A7A4E13005B473C /* Debug */ = {
			isa = XCBuildConfiguration;
			buildSettings = {
				ALWAYS_SEARCH_USER_PATHS = NO;
				CLANG_ANALYZER_NONNULL = YES;
				CLANG_ANALYZER_NUMBER_OBJECT_CONVERSION = YES_AGGRESSIVE;
				CLANG_CXX_LANGUAGE_STANDARD = "gnu++20";
				CLANG_ENABLE_MODULES = YES;
				CLANG_ENABLE_OBJC_ARC = YES;
				CLANG_ENABLE_OBJC_WEAK = YES;
				CLANG_WARN_BLOCK_CAPTURE_AUTORELEASING = YES;
				CLANG_WARN_BOOL_CONVERSION = YES;
				CLANG_WARN_COMMA = YES;
				CLANG_WARN_CONSTANT_CONVERSION = YES;
				CLANG_WARN_DEPRECATED_OBJC_IMPLEMENTATIONS = YES;
				CLANG_WARN_DIRECT_OBJC_ISA_USAGE = YES_ERROR;
				CLANG_WARN_DOCUMENTATION_COMMENTS = YES;
				CLANG_WARN_EMPTY_BODY = YES;
				CLANG_WARN_ENUM_CONVERSION = YES;
				CLANG_WARN_INFINITE_RECURSION = YES;
				CLANG_WARN_INT_CONVERSION = YES;
				CLANG_WARN_NON_LITERAL_NULL_CONVERSION = YES;
				CLANG_WARN_OBJC_IMPLICIT_RETAIN_SELF = YES;
				CLANG_WARN_OBJC_LITERAL_CONVERSION = YES;
				CLANG_WARN_OBJC_ROOT_CLASS = YES_ERROR;
				CLANG_WARN_QUOTED_INCLUDE_IN_FRAMEWORK_HEADER = YES;
				CLANG_WARN_RANGE_LOOP_ANALYSIS = YES;
				CLANG_WARN_STRICT_PROTOTYPES = YES;
				CLANG_WARN_SUSPICIOUS_MOVE = YES;
				CLANG_WARN_UNGUARDED_AVAILABILITY = YES_AGGRESSIVE;
				CLANG_WARN_UNREACHABLE_CODE = YES;
				CLANG_WARN__DUPLICATE_METHOD_MATCH = YES;
				COPY_PHASE_STRIP = NO;
				DEBUG_INFORMATION_FORMAT = dwarf;
				ENABLE_STRICT_OBJC_MSGSEND = YES;
				ENABLE_TESTABILITY = YES;
				GCC_C_LANGUAGE_STANDARD = gnu11;
				GCC_DYNAMIC_NO_PIC = NO;
				GCC_NO_COMMON_BLOCKS = YES;
				GCC_OPTIMIZATION_LEVEL = 0;
				GCC_PREPROCESSOR_DEFINITIONS = (
					"DEBUG=1",
					"$(inherited)",
				);
				GCC_WARN_64_TO_32_BIT_CONVERSION = YES;
				GCC_WARN_ABOUT_RETURN_TYPE = YES_ERROR;
				GCC_WARN_UNDECLARED_SELECTOR = YES;
				GCC_WARN_UNINITIALIZED_AUTOS = YES_AGGRESSIVE;
				GCC_WARN_UNUSED_FUNCTION = YES;
				GCC_WARN_UNUSED_VARIABLE = YES;
				IPHONEOS_DEPLOYMENT_TARGET = 16.4;
				MTL_ENABLE_DEBUG_INFO = INCLUDE_SOURCE;
				MTL_FAST_MATH = YES;
				ONLY_ACTIVE_ARCH = YES;
				SDKROOT = iphoneos;
				SWIFT_ACTIVE_COMPILATION_CONDITIONS = DEBUG;
				SWIFT_OPTIMIZATION_LEVEL = "-Onone";
			};
			name = Debug;
		};
		BD8A4C8E2A7A4E13005B473C /* Release */ = {
			isa = XCBuildConfiguration;
			buildSettings = {
				ALWAYS_SEARCH_USER_PATHS = NO;
				CLANG_ANALYZER_NONNULL = YES;
				CLANG_ANALYZER_NUMBER_OBJECT_CONVERSION = YES_AGGRESSIVE;
				CLANG_CXX_LANGUAGE_STANDARD = "gnu++20";
				CLANG_ENABLE_MODULES = YES;
				CLANG_ENABLE_OBJC_ARC = YES;
				CLANG_ENABLE_OBJC_WEAK = YES;
				CLANG_WARN_BLOCK_CAPTURE_AUTORELEASING = YES;
				CLANG_WARN_BOOL_CONVERSION = YES;
				CLANG_WARN_COMMA = YES;
				CLANG_WARN_CONSTANT_CONVERSION = YES;
				CLANG_WARN_DEPRECATED_OBJC_IMPLEMENTATIONS = YES;
				CLANG_WARN_DIRECT_OBJC_ISA_USAGE = YES_ERROR;
				CLANG_WARN_DOCUMENTATION_COMMENTS = YES;
				CLANG_WARN_EMPTY_BODY = YES;
				CLANG_WARN_ENUM_CONVERSION = YES;
				CLANG_WARN_INFINITE_RECURSION = YES;
				CLANG_WARN_INT_CONVERSION = YES;
				CLANG_WARN_NON_LITERAL_NULL_CONVERSION = YES;
				CLANG_WARN_OBJC_IMPLICIT_RETAIN_SELF = YES;
				CLANG_WARN_OBJC_LITERAL_CONVERSION = YES;
				CLANG_WARN_OBJC_ROOT_CLASS = YES_ERROR;
				CLANG_WARN_QUOTED_INCLUDE_IN_FRAMEWORK_HEADER = YES;
				CLANG_WARN_RANGE_LOOP_ANALYSIS = YES;
				CLANG_WARN_STRICT_PROTOTYPES = YES;
				CLANG_WARN_SUSPICIOUS_MOVE = YES;
				CLANG_WARN_UNGUARDED_AVAILABILITY = YES_AGGRESSIVE;
				CLANG_WARN_UNREACHABLE_CODE = YES;
				CLANG_WARN__DUPLICATE_METHOD_MATCH = YES;
				COPY_PHASE_STRIP = NO;
				DEBUG_INFORMATION_FORMAT = "dwarf-with-dsym";
				ENABLE_NS_ASSERTIONS = NO;
				ENABLE_STRICT_OBJC_MSGSEND = YES;
				GCC_C_LANGUAGE_STANDARD = gnu11;
				GCC_NO_COMMON_BLOCKS = YES;
				GCC_WARN_64_TO_32_BIT_CONVERSION = YES;
				GCC_WARN_ABOUT_RETURN_TYPE = YES_ERROR;
				GCC_WARN_UNDECLARED_SELECTOR = YES;
				GCC_WARN_UNINITIALIZED_AUTOS = YES_AGGRESSIVE;
				GCC_WARN_UNUSED_FUNCTION = YES;
				GCC_WARN_UNUSED_VARIABLE = YES;
				IPHONEOS_DEPLOYMENT_TARGET = 16.4;
				MTL_ENABLE_DEBUG_INFO = NO;
				MTL_FAST_MATH = YES;
				SDKROOT = iphoneos;
				SWIFT_COMPILATION_MODE = wholemodule;
				SWIFT_OPTIMIZATION_LEVEL = "-O";
				VALIDATE_PRODUCT = YES;
			};
			name = Release;
		};
		BD8A4C902A7A4E13005B473C /* Debug */ = {
			isa = XCBuildConfiguration;
			buildSettings = {
				ASSETCATALOG_COMPILER_APPICON_NAME = AppIcon;
				ASSETCATALOG_COMPILER_GLOBAL_ACCENT_COLOR_NAME = AccentColor;
				CODE_SIGN_STYLE = Automatic;
				CURRENT_PROJECT_VERSION = 1;
				DEVELOPMENT_ASSET_PATHS = "\"NewsPagepractice/Preview Content\"";
				ENABLE_PREVIEWS = YES;
				GENERATE_INFOPLIST_FILE = YES;
				INFOPLIST_KEY_UIApplicationSceneManifest_Generation = YES;
				INFOPLIST_KEY_UIApplicationSupportsIndirectInputEvents = YES;
				INFOPLIST_KEY_UILaunchScreen_Generation = YES;
				INFOPLIST_KEY_UISupportedInterfaceOrientations_iPad = "UIInterfaceOrientationPortrait UIInterfaceOrientationPortraitUpsideDown UIInterfaceOrientationLandscapeLeft UIInterfaceOrientationLandscapeRight";
				INFOPLIST_KEY_UISupportedInterfaceOrientations_iPhone = "UIInterfaceOrientationPortrait UIInterfaceOrientationLandscapeLeft UIInterfaceOrientationLandscapeRight";
				LD_RUNPATH_SEARCH_PATHS = (
					"$(inherited)",
					"@executable_path/Frameworks",
				);
				MARKETING_VERSION = 1.0;
				PRODUCT_BUNDLE_IDENTIFIER = KWK.NewsPagepractice;
				PRODUCT_NAME = "$(TARGET_NAME)";
				SWIFT_EMIT_LOC_STRINGS = YES;
				SWIFT_VERSION = 5.0;
				TARGETED_DEVICE_FAMILY = "1,2";
			};
			name = Debug;
		};
		BD8A4C912A7A4E13005B473C /* Release */ = {
			isa = XCBuildConfiguration;
			buildSettings = {
				ASSETCATALOG_COMPILER_APPICON_NAME = AppIcon;
				ASSETCATALOG_COMPILER_GLOBAL_ACCENT_COLOR_NAME = AccentColor;
				CODE_SIGN_STYLE = Automatic;
				CURRENT_PROJECT_VERSION = 1;
				DEVELOPMENT_ASSET_PATHS = "\"NewsPagepractice/Preview Content\"";
				ENABLE_PREVIEWS = YES;
				GENERATE_INFOPLIST_FILE = YES;
				INFOPLIST_KEY_UIApplicationSceneManifest_Generation = YES;
				INFOPLIST_KEY_UIApplicationSupportsIndirectInputEvents = YES;
				INFOPLIST_KEY_UILaunchScreen_Generation = YES;
				INFOPLIST_KEY_UISupportedInterfaceOrientations_iPad = "UIInterfaceOrientationPortrait UIInterfaceOrientationPortraitUpsideDown UIInterfaceOrientationLandscapeLeft UIInterfaceOrientationLandscapeRight";
				INFOPLIST_KEY_UISupportedInterfaceOrientations_iPhone = "UIInterfaceOrientationPortrait UIInterfaceOrientationLandscapeLeft UIInterfaceOrientationLandscapeRight";
				LD_RUNPATH_SEARCH_PATHS = (
					"$(inherited)",
					"@executable_path/Frameworks",
				);
				MARKETING_VERSION = 1.0;
				PRODUCT_BUNDLE_IDENTIFIER = KWK.NewsPagepractice;
				PRODUCT_NAME = "$(TARGET_NAME)";
				SWIFT_EMIT_LOC_STRINGS = YES;
				SWIFT_VERSION = 5.0;
				TARGETED_DEVICE_FAMILY = "1,2";
			};
			name = Release;
		};
		BD8A4C932A7A4E13005B473C /* Debug */ = {
			isa = XCBuildConfiguration;
			buildSettings = {
				ALWAYS_EMBED_SWIFT_STANDARD_LIBRARIES = YES;
				BUNDLE_LOADER = "$(TEST_HOST)";
				CODE_SIGN_STYLE = Automatic;
				CURRENT_PROJECT_VERSION = 1;
				GENERATE_INFOPLIST_FILE = YES;
				IPHONEOS_DEPLOYMENT_TARGET = 16.4;
				MARKETING_VERSION = 1.0;
				PRODUCT_BUNDLE_IDENTIFIER = KWK.NewsPagepracticeTests;
				PRODUCT_NAME = "$(TARGET_NAME)";
				SWIFT_EMIT_LOC_STRINGS = NO;
				SWIFT_VERSION = 5.0;
				TARGETED_DEVICE_FAMILY = "1,2";
				TEST_HOST = "$(BUILT_PRODUCTS_DIR)/NewsPagepractice.app/$(BUNDLE_EXECUTABLE_FOLDER_PATH)/NewsPagepractice";
			};
			name = Debug;
		};
		BD8A4C942A7A4E13005B473C /* Release */ = {
			isa = XCBuildConfiguration;
			buildSettings = {
				ALWAYS_EMBED_SWIFT_STANDARD_LIBRARIES = YES;
				BUNDLE_LOADER = "$(TEST_HOST)";
				CODE_SIGN_STYLE = Automatic;
				CURRENT_PROJECT_VERSION = 1;
				GENERATE_INFOPLIST_FILE = YES;
				IPHONEOS_DEPLOYMENT_TARGET = 16.4;
				MARKETING_VERSION = 1.0;
				PRODUCT_BUNDLE_IDENTIFIER = KWK.NewsPagepracticeTests;
				PRODUCT_NAME = "$(TARGET_NAME)";
				SWIFT_EMIT_LOC_STRINGS = NO;
				SWIFT_VERSION = 5.0;
				TARGETED_DEVICE_FAMILY = "1,2";
				TEST_HOST = "$(BUILT_PRODUCTS_DIR)/NewsPagepractice.app/$(BUNDLE_EXECUTABLE_FOLDER_PATH)/NewsPagepractice";
			};
			name = Release;
		};
		BD8A4C962A7A4E13005B473C /* Debug */ = {
			isa = XCBuildConfiguration;
			buildSettings = {
				ALWAYS_EMBED_SWIFT_STANDARD_LIBRARIES = YES;
				CODE_SIGN_STYLE = Automatic;
				CURRENT_PROJECT_VERSION = 1;
				GENERATE_INFOPLIST_FILE = YES;
				MARKETING_VERSION = 1.0;
				PRODUCT_BUNDLE_IDENTIFIER = KWK.NewsPagepracticeUITests;
				PRODUCT_NAME = "$(TARGET_NAME)";
				SWIFT_EMIT_LOC_STRINGS = NO;
				SWIFT_VERSION = 5.0;
				TARGETED_DEVICE_FAMILY = "1,2";
				TEST_TARGET_NAME = NewsPagepractice;
			};
			name = Debug;
		};
		BD8A4C972A7A4E13005B473C /* Release */ = {
			isa = XCBuildConfiguration;
			buildSettings = {
				ALWAYS_EMBED_SWIFT_STANDARD_LIBRARIES = YES;
				CODE_SIGN_STYLE = Automatic;
				CURRENT_PROJECT_VERSION = 1;
				GENERATE_INFOPLIST_FILE = YES;
				MARKETING_VERSION = 1.0;
				PRODUCT_BUNDLE_IDENTIFIER = KWK.NewsPagepracticeUITests;
				PRODUCT_NAME = "$(TARGET_NAME)";
				SWIFT_EMIT_LOC_STRINGS = NO;
				SWIFT_VERSION = 5.0;
				TARGETED_DEVICE_FAMILY = "1,2";
				TEST_TARGET_NAME = NewsPagepractice;
			};
			name = Release;
		};
/* End XCBuildConfiguration section */

/* Begin XCConfigurationList section */
		BD8A4C662A7A4E12005B473C /* Build configuration list for PBXProject "NewsPagepractice" */ = {
			isa = XCConfigurationList;
			buildConfigurations = (
				BD8A4C8D2A7A4E13005B473C /* Debug */,
				BD8A4C8E2A7A4E13005B473C /* Release */,
			);
			defaultConfigurationIsVisible = 0;
			defaultConfigurationName = Release;
		};
		BD8A4C8F2A7A4E13005B473C /* Build configuration list for PBXNativeTarget "NewsPagepractice" */ = {
			isa = XCConfigurationList;
			buildConfigurations = (
				BD8A4C902A7A4E13005B473C /* Debug */,
				BD8A4C912A7A4E13005B473C /* Release */,
			);
			defaultConfigurationIsVisible = 0;
			defaultConfigurationName = Release;
		};
		BD8A4C922A7A4E13005B473C /* Build configuration list for PBXNativeTarget "NewsPagepracticeTests" */ = {
			isa = XCConfigurationList;
			buildConfigurations = (
				BD8A4C932A7A4E13005B473C /* Debug */,
				BD8A4C942A7A4E13005B473C /* Release */,
			);
			defaultConfigurationIsVisible = 0;
			defaultConfigurationName = Release;
		};
		BD8A4C952A7A4E13005B473C /* Build configuration list for PBXNativeTarget "NewsPagepracticeUITests" */ = {
			isa = XCConfigurationList;
			buildConfigurations = (
				BD8A4C962A7A4E13005B473C /* Debug */,
				BD8A4C972A7A4E13005B473C /* Release */,
			);
			defaultConfigurationIsVisible = 0;
			defaultConfigurationName = Release;
		};
/* End XCConfigurationList section */
	};
	rootObject = BD8A4C632A7A4E12005B473C /* Project object */;
}
